
Microsoft Visual Studio Solution File, Format Version 12.00
# Visual Studio 15
VisualStudioVersion = 15.0.28307.168
MinimumVisualStudioVersion = 10.0.40219.1
Project("{FAE04EC0-301F-11D3-BF4B-00C04F79EFBC}") = "L2FExportWS", "L2FExportWS\L2FExportWS.csproj", "{C5AD595D-4A39-4CBD-9EAC-914CA09D0CFD}"
EndProject
Project("{FAE04EC0-301F-11D3-BF4B-00C04F79EFBC}") = "DataAccess", "DataAccess\DataAccess.csproj", "{67D30810-1EEC-495C-947F-31F70B74E088}"
EndProject
Project("{FAE04EC0-301F-11D3-BF4B-00C04F79EFBC}") = "Business", "Business\Business.csproj", "{6F002056-4F8B-40CB-9FE3-BCE70E456F89}"
EndProject
Project("{FAE04EC0-301F-11D3-BF4B-00C04F79EFBC}") = "UnitTestProject1", "UnitTestProject1\UnitTestProject1.csproj", "{538322F9-1FC9-4D31-AA92-E5215D1459A7}"
EndProject
Project("{FAE04EC0-301F-11D3-BF4B-00C04F79EFBC}") = "API", "API\API.csproj", "{EB22F144-9719-4F71-9E5D-3ACD5D035D7A}"
EndProject
Project("{E24C65DC-7377-472B-9ABA-BC803B73C61A}") = "ExportDashboard", "MobileClient\ExportDashboard", "{EA2ADFE2-657E-4C70-9ED2-9DFABBCEC21E}"
	ProjectSection(WebsiteProperties) = preProject
		TargetFrameworkMoniker = ".NETFramework,Version%3Dv4.0"
		Debug.AspNetCompiler.VirtualPath = "/localhost_9392"
		Debug.AspNetCompiler.PhysicalPath = "MobileClient\ExportDashboard\"
		Debug.AspNetCompiler.TargetPath = "PrecompiledWeb\localhost_9392\"
		Debug.AspNetCompiler.Updateable = "true"
		Debug.AspNetCompiler.ForceOverwrite = "true"
		Debug.AspNetCompiler.FixedNames = "false"
		Debug.AspNetCompiler.Debug = "True"
		Release.AspNetCompiler.VirtualPath = "/localhost_9392"
		Release.AspNetCompiler.PhysicalPath = "MobileClient\ExportDashboard\"
		Release.AspNetCompiler.TargetPath = "PrecompiledWeb\localhost_9392\"
		Release.AspNetCompiler.Updateable = "true"
		Release.AspNetCompiler.ForceOverwrite = "true"
		Release.AspNetCompiler.FixedNames = "false"
		Release.AspNetCompiler.Debug = "False"
		VWDPort = "9392"
		SlnRelativePath = "MobileClient\ExportDashboard\"
	EndProjectSection
EndProject
Project("{54435603-DBB4-11D2-8724-00A0C9A8B90C}") = "Setup", "Setup\Setup.vdproj", "{32CC0298-8F6D-4652-B272-37927A4EA2E2}"
EndProject
Project("{2150E333-8FDC-42A3-9474-1A3956D46DE8}") = "Fake", "Fake", "{D32889E7-4C1D-4600-9F44-46789FB1FF50}"
EndProject
Project("{FAE04EC0-301F-11D3-BF4B-00C04F79EFBC}") = "Farmatic.Model", "Farmatic.Model\Farmatic.Model.csproj", "{41B2EE52-8344-4A29-8269-BCBA979F76C2}"
EndProject
Project("{2150E333-8FDC-42A3-9474-1A3956D46DE8}") = "Pending", "Pending", "{5E5046BE-BF2E-412E-86B7-86334CAEA042}"
EndProject
Project("{FAE04EC0-301F-11D3-BF4B-00C04F79EFBC}") = "API.Model", "API.Model\API.Model.csproj", "{684B362A-8419-4A7C-86BB-C97E8781C842}"
EndProject
Project("{2150E333-8FDC-42A3-9474-1A3956D46DE8}") = "WebAPI", "WebAPI", "{FB3D03FD-6458-44D3-98E0-27175EA4073C}"
EndProject
Project("{2150E333-8FDC-42A3-9474-1A3956D46DE8}") = "WindowsService", "WindowsService", "{7D2BCE58-545E-4EBC-9C1E-B0861EEAF857}"
EndProject
Project("{2150E333-8FDC-42A3-9474-1A3956D46DE8}") = "Testing", "Testing", "{8F72E1AA-560E-4DD9-8A14-B45E235764A8}"
EndProject
Project("{2150E333-8FDC-42A3-9474-1A3956D46DE8}") = "Install", "Install", "{924D4AF1-4B4B-40DB-9E57-5F1EA555E6C4}"
EndProject
Project("{FAE04EC0-301F-11D3-BF4B-00C04F79EFBC}") = "WebAPITest", "WebAPITest\WebAPITest.csproj", "{2A0659D5-0AA1-4506-9335-2AB7401A6C65}"
EndProject
Project("{FAE04EC0-301F-11D3-BF4B-00C04F79EFBC}") = "API.Business", "API.Business\API.Business.csproj", "{FA0A3958-F2F3-4575-9B3A-C1CAE2433F5E}"
EndProject
Global
	GlobalSection(SolutionConfigurationPlatforms) = preSolution
		CD_ROM|Any CPU = CD_ROM|Any CPU
		Debug|Any CPU = Debug|Any CPU
		DVD-5|Any CPU = DVD-5|Any CPU
		Release|Any CPU = Release|Any CPU
		SingleImage|Any CPU = SingleImage|Any CPU
	EndGlobalSection
	GlobalSection(ProjectConfigurationPlatforms) = postSolution
		{C5AD595D-4A39-4CBD-9EAC-914CA09D0CFD}.CD_ROM|Any CPU.ActiveCfg = Release|Any CPU
		{C5AD595D-4A39-4CBD-9EAC-914CA09D0CFD}.CD_ROM|Any CPU.Build.0 = Release|Any CPU
		{C5AD595D-4A39-4CBD-9EAC-914CA09D0CFD}.Debug|Any CPU.ActiveCfg = Debug|Any CPU
		{C5AD595D-4A39-4CBD-9EAC-914CA09D0CFD}.Debug|Any CPU.Build.0 = Debug|Any CPU
		{C5AD595D-4A39-4CBD-9EAC-914CA09D0CFD}.DVD-5|Any CPU.ActiveCfg = Debug|Any CPU
		{C5AD595D-4A39-4CBD-9EAC-914CA09D0CFD}.DVD-5|Any CPU.Build.0 = Debug|Any CPU
		{C5AD595D-4A39-4CBD-9EAC-914CA09D0CFD}.Release|Any CPU.ActiveCfg = Release|Any CPU
		{C5AD595D-4A39-4CBD-9EAC-914CA09D0CFD}.Release|Any CPU.Build.0 = Release|Any CPU
		{C5AD595D-4A39-4CBD-9EAC-914CA09D0CFD}.SingleImage|Any CPU.ActiveCfg = Release|Any CPU
		{C5AD595D-4A39-4CBD-9EAC-914CA09D0CFD}.SingleImage|Any CPU.Build.0 = Release|Any CPU
		{67D30810-1EEC-495C-947F-31F70B74E088}.CD_ROM|Any CPU.ActiveCfg = Release|Any CPU
		{67D30810-1EEC-495C-947F-31F70B74E088}.CD_ROM|Any CPU.Build.0 = Release|Any CPU
		{67D30810-1EEC-495C-947F-31F70B74E088}.Debug|Any CPU.ActiveCfg = Debug|Any CPU
		{67D30810-1EEC-495C-947F-31F70B74E088}.Debug|Any CPU.Build.0 = Debug|Any CPU
		{67D30810-1EEC-495C-947F-31F70B74E088}.DVD-5|Any CPU.ActiveCfg = Debug|Any CPU
		{67D30810-1EEC-495C-947F-31F70B74E088}.DVD-5|Any CPU.Build.0 = Debug|Any CPU
		{67D30810-1EEC-495C-947F-31F70B74E088}.Release|Any CPU.ActiveCfg = Release|Any CPU
		{67D30810-1EEC-495C-947F-31F70B74E088}.Release|Any CPU.Build.0 = Release|Any CPU
		{67D30810-1EEC-495C-947F-31F70B74E088}.SingleImage|Any CPU.ActiveCfg = Release|Any CPU
		{67D30810-1EEC-495C-947F-31F70B74E088}.SingleImage|Any CPU.Build.0 = Release|Any CPU
		{6F002056-4F8B-40CB-9FE3-BCE70E456F89}.CD_ROM|Any CPU.ActiveCfg = Release|Any CPU
		{6F002056-4F8B-40CB-9FE3-BCE70E456F89}.CD_ROM|Any CPU.Build.0 = Release|Any CPU
		{6F002056-4F8B-40CB-9FE3-BCE70E456F89}.Debug|Any CPU.ActiveCfg = Debug|Any CPU
		{6F002056-4F8B-40CB-9FE3-BCE70E456F89}.Debug|Any CPU.Build.0 = Debug|Any CPU
		{6F002056-4F8B-40CB-9FE3-BCE70E456F89}.DVD-5|Any CPU.ActiveCfg = Debug|Any CPU
		{6F002056-4F8B-40CB-9FE3-BCE70E456F89}.DVD-5|Any CPU.Build.0 = Debug|Any CPU
		{6F002056-4F8B-40CB-9FE3-BCE70E456F89}.Release|Any CPU.ActiveCfg = Release|Any CPU
		{6F002056-4F8B-40CB-9FE3-BCE70E456F89}.Release|Any CPU.Build.0 = Release|Any CPU
		{6F002056-4F8B-40CB-9FE3-BCE70E456F89}.SingleImage|Any CPU.ActiveCfg = Release|Any CPU
		{6F002056-4F8B-40CB-9FE3-BCE70E456F89}.SingleImage|Any CPU.Build.0 = Release|Any CPU
		{538322F9-1FC9-4D31-AA92-E5215D1459A7}.CD_ROM|Any CPU.ActiveCfg = Release|Any CPU
		{538322F9-1FC9-4D31-AA92-E5215D1459A7}.CD_ROM|Any CPU.Build.0 = Release|Any CPU
		{538322F9-1FC9-4D31-AA92-E5215D1459A7}.Debug|Any CPU.ActiveCfg = Debug|Any CPU
		{538322F9-1FC9-4D31-AA92-E5215D1459A7}.Debug|Any CPU.Build.0 = Debug|Any CPU
		{538322F9-1FC9-4D31-AA92-E5215D1459A7}.DVD-5|Any CPU.ActiveCfg = Debug|Any CPU
		{538322F9-1FC9-4D31-AA92-E5215D1459A7}.DVD-5|Any CPU.Build.0 = Debug|Any CPU
		{538322F9-1FC9-4D31-AA92-E5215D1459A7}.Release|Any CPU.ActiveCfg = Release|Any CPU
		{538322F9-1FC9-4D31-AA92-E5215D1459A7}.Release|Any CPU.Build.0 = Release|Any CPU
		{538322F9-1FC9-4D31-AA92-E5215D1459A7}.SingleImage|Any CPU.ActiveCfg = Release|Any CPU
		{538322F9-1FC9-4D31-AA92-E5215D1459A7}.SingleImage|Any CPU.Build.0 = Release|Any CPU
		{EB22F144-9719-4F71-9E5D-3ACD5D035D7A}.CD_ROM|Any CPU.ActiveCfg = Release|Any CPU
		{EB22F144-9719-4F71-9E5D-3ACD5D035D7A}.CD_ROM|Any CPU.Build.0 = Release|Any CPU
		{EB22F144-9719-4F71-9E5D-3ACD5D035D7A}.Debug|Any CPU.ActiveCfg = Debug|Any CPU
		{EB22F144-9719-4F71-9E5D-3ACD5D035D7A}.Debug|Any CPU.Build.0 = Debug|Any CPU
		{EB22F144-9719-4F71-9E5D-3ACD5D035D7A}.DVD-5|Any CPU.ActiveCfg = Debug|Any CPU
		{EB22F144-9719-4F71-9E5D-3ACD5D035D7A}.DVD-5|Any CPU.Build.0 = Debug|Any CPU
		{EB22F144-9719-4F71-9E5D-3ACD5D035D7A}.Release|Any CPU.ActiveCfg = Release|Any CPU
		{EB22F144-9719-4F71-9E5D-3ACD5D035D7A}.Release|Any CPU.Build.0 = Release|Any CPU
		{EB22F144-9719-4F71-9E5D-3ACD5D035D7A}.SingleImage|Any CPU.ActiveCfg = Release|Any CPU
		{EB22F144-9719-4F71-9E5D-3ACD5D035D7A}.SingleImage|Any CPU.Build.0 = Release|Any CPU
		{EA2ADFE2-657E-4C70-9ED2-9DFABBCEC21E}.CD_ROM|Any CPU.ActiveCfg = Debug|Any CPU
		{EA2ADFE2-657E-4C70-9ED2-9DFABBCEC21E}.CD_ROM|Any CPU.Build.0 = Debug|Any CPU
		{EA2ADFE2-657E-4C70-9ED2-9DFABBCEC21E}.Debug|Any CPU.ActiveCfg = Debug|Any CPU
		{EA2ADFE2-657E-4C70-9ED2-9DFABBCEC21E}.DVD-5|Any CPU.ActiveCfg = Debug|Any CPU
		{EA2ADFE2-657E-4C70-9ED2-9DFABBCEC21E}.DVD-5|Any CPU.Build.0 = Debug|Any CPU
		{EA2ADFE2-657E-4C70-9ED2-9DFABBCEC21E}.Release|Any CPU.ActiveCfg = Debug|Any CPU
		{EA2ADFE2-657E-4C70-9ED2-9DFABBCEC21E}.Release|Any CPU.Build.0 = Debug|Any CPU
		{EA2ADFE2-657E-4C70-9ED2-9DFABBCEC21E}.SingleImage|Any CPU.ActiveCfg = Debug|Any CPU
		{EA2ADFE2-657E-4C70-9ED2-9DFABBCEC21E}.SingleImage|Any CPU.Build.0 = Debug|Any CPU
		{32CC0298-8F6D-4652-B272-37927A4EA2E2}.CD_ROM|Any CPU.ActiveCfg = Release
		{32CC0298-8F6D-4652-B272-37927A4EA2E2}.Debug|Any CPU.ActiveCfg = Debug
		{32CC0298-8F6D-4652-B272-37927A4EA2E2}.DVD-5|Any CPU.ActiveCfg = Debug
		{32CC0298-8F6D-4652-B272-37927A4EA2E2}.Release|Any CPU.ActiveCfg = Release
		{32CC0298-8F6D-4652-B272-37927A4EA2E2}.SingleImage|Any CPU.ActiveCfg = Release
		{41B2EE52-8344-4A29-8269-BCBA979F76C2}.CD_ROM|Any CPU.ActiveCfg = Release|Any CPU
		{41B2EE52-8344-4A29-8269-BCBA979F76C2}.CD_ROM|Any CPU.Build.0 = Release|Any CPU
		{41B2EE52-8344-4A29-8269-BCBA979F76C2}.Debug|Any CPU.ActiveCfg = Debug|Any CPU
		{41B2EE52-8344-4A29-8269-BCBA979F76C2}.Debug|Any CPU.Build.0 = Debug|Any CPU
		{41B2EE52-8344-4A29-8269-BCBA979F76C2}.DVD-5|Any CPU.ActiveCfg = Debug|Any CPU
		{41B2EE52-8344-4A29-8269-BCBA979F76C2}.DVD-5|Any CPU.Build.0 = Debug|Any CPU
		{41B2EE52-8344-4A29-8269-BCBA979F76C2}.Release|Any CPU.ActiveCfg = Release|Any CPU
		{41B2EE52-8344-4A29-8269-BCBA979F76C2}.Release|Any CPU.Build.0 = Release|Any CPU
		{41B2EE52-8344-4A29-8269-BCBA979F76C2}.SingleImage|Any CPU.ActiveCfg = Release|Any CPU
		{41B2EE52-8344-4A29-8269-BCBA979F76C2}.SingleImage|Any CPU.Build.0 = Release|Any CPU
		{684B362A-8419-4A7C-86BB-C97E8781C842}.CD_ROM|Any CPU.ActiveCfg = Release|Any CPU
		{684B362A-8419-4A7C-86BB-C97E8781C842}.CD_ROM|Any CPU.Build.0 = Release|Any CPU
		{684B362A-8419-4A7C-86BB-C97E8781C842}.Debug|Any CPU.ActiveCfg = Debug|Any CPU
		{684B362A-8419-4A7C-86BB-C97E8781C842}.Debug|Any CPU.Build.0 = Debug|Any CPU
		{684B362A-8419-4A7C-86BB-C97E8781C842}.DVD-5|Any CPU.ActiveCfg = Debug|Any CPU
		{684B362A-8419-4A7C-86BB-C97E8781C842}.DVD-5|Any CPU.Build.0 = Debug|Any CPU
		{684B362A-8419-4A7C-86BB-C97E8781C842}.Release|Any CPU.ActiveCfg = Release|Any CPU
		{684B362A-8419-4A7C-86BB-C97E8781C842}.Release|Any CPU.Build.0 = Release|Any CPU
		{684B362A-8419-4A7C-86BB-C97E8781C842}.SingleImage|Any CPU.ActiveCfg = Release|Any CPU
		{684B362A-8419-4A7C-86BB-C97E8781C842}.SingleImage|Any CPU.Build.0 = Release|Any CPU
		{2A0659D5-0AA1-4506-9335-2AB7401A6C65}.CD_ROM|Any CPU.ActiveCfg = Release|Any CPU
		{2A0659D5-0AA1-4506-9335-2AB7401A6C65}.CD_ROM|Any CPU.Build.0 = Release|Any CPU
		{2A0659D5-0AA1-4506-9335-2AB7401A6C65}.Debug|Any CPU.ActiveCfg = Debug|Any CPU
		{2A0659D5-0AA1-4506-9335-2AB7401A6C65}.Debug|Any CPU.Build.0 = Debug|Any CPU
		{2A0659D5-0AA1-4506-9335-2AB7401A6C65}.DVD-5|Any CPU.ActiveCfg = Debug|Any CPU
		{2A0659D5-0AA1-4506-9335-2AB7401A6C65}.DVD-5|Any CPU.Build.0 = Debug|Any CPU
		{2A0659D5-0AA1-4506-9335-2AB7401A6C65}.Release|Any CPU.ActiveCfg = Release|Any CPU
		{2A0659D5-0AA1-4506-9335-2AB7401A6C65}.Release|Any CPU.Build.0 = Release|Any CPU
		{2A0659D5-0AA1-4506-9335-2AB7401A6C65}.SingleImage|Any CPU.ActiveCfg = Release|Any CPU
		{2A0659D5-0AA1-4506-9335-2AB7401A6C65}.SingleImage|Any CPU.Build.0 = Release|Any CPU
		{FA0A3958-F2F3-4575-9B3A-C1CAE2433F5E}.CD_ROM|Any CPU.ActiveCfg = Release|Any CPU
		{FA0A3958-F2F3-4575-9B3A-C1CAE2433F5E}.CD_ROM|Any CPU.Build.0 = Release|Any CPU
		{FA0A3958-F2F3-4575-9B3A-C1CAE2433F5E}.Debug|Any CPU.ActiveCfg = Debug|Any CPU
		{FA0A3958-F2F3-4575-9B3A-C1CAE2433F5E}.Debug|Any CPU.Build.0 = Debug|Any CPU
		{FA0A3958-F2F3-4575-9B3A-C1CAE2433F5E}.DVD-5|Any CPU.ActiveCfg = Debug|Any CPU
		{FA0A3958-F2F3-4575-9B3A-C1CAE2433F5E}.DVD-5|Any CPU.Build.0 = Debug|Any CPU
		{FA0A3958-F2F3-4575-9B3A-C1CAE2433F5E}.Release|Any CPU.ActiveCfg = Release|Any CPU
		{FA0A3958-F2F3-4575-9B3A-C1CAE2433F5E}.Release|Any CPU.Build.0 = Release|Any CPU
		{FA0A3958-F2F3-4575-9B3A-C1CAE2433F5E}.SingleImage|Any CPU.ActiveCfg = Release|Any CPU
		{FA0A3958-F2F3-4575-9B3A-C1CAE2433F5E}.SingleImage|Any CPU.Build.0 = Release|Any CPU
	EndGlobalSection
	GlobalSection(SolutionProperties) = preSolution
		HideSolutionNode = FALSE
	EndGlobalSection
	GlobalSection(NestedProjects) = preSolution
		{C5AD595D-4A39-4CBD-9EAC-914CA09D0CFD} = {7D2BCE58-545E-4EBC-9C1E-B0861EEAF857}
		{67D30810-1EEC-495C-947F-31F70B74E088} = {7D2BCE58-545E-4EBC-9C1E-B0861EEAF857}
		{6F002056-4F8B-40CB-9FE3-BCE70E456F89} = {7D2BCE58-545E-4EBC-9C1E-B0861EEAF857}
		{538322F9-1FC9-4D31-AA92-E5215D1459A7} = {8F72E1AA-560E-4DD9-8A14-B45E235764A8}
		{EB22F144-9719-4F71-9E5D-3ACD5D035D7A} = {FB3D03FD-6458-44D3-98E0-27175EA4073C}
		{EA2ADFE2-657E-4C70-9ED2-9DFABBCEC21E} = {5E5046BE-BF2E-412E-86B7-86334CAEA042}
		{32CC0298-8F6D-4652-B272-37927A4EA2E2} = {924D4AF1-4B4B-40DB-9E57-5F1EA555E6C4}
		{41B2EE52-8344-4A29-8269-BCBA979F76C2} = {D32889E7-4C1D-4600-9F44-46789FB1FF50}
		{684B362A-8419-4A7C-86BB-C97E8781C842} = {FB3D03FD-6458-44D3-98E0-27175EA4073C}
		{2A0659D5-0AA1-4506-9335-2AB7401A6C65} = {FB3D03FD-6458-44D3-98E0-27175EA4073C}
		{FA0A3958-F2F3-4575-9B3A-C1CAE2433F5E} = {FB3D03FD-6458-44D3-98E0-27175EA4073C}
	EndGlobalSection
	GlobalSection(ExtensibilityGlobals) = postSolution
		SolutionGuid = {E8161D8C-D03B-49AB-A011-6E222C596882}
	EndGlobalSection
EndGlobal
